// !$*UTF8*$!
{
	archiveVersion = 1;
	classes = {
	};
	objectVersion = 46;
	objects = {

/* Begin PBXBuildFile section */
		815A315D1941105100CB58DF /* Foundation.framework in Frameworks */ = {isa = PBXBuildFile; fileRef = 815A315C1941105100CB58DF /* Foundation.framework */; };
		815A315F1941105100CB58DF /* CoreGraphics.framework in Frameworks */ = {isa = PBXBuildFile; fileRef = 815A315E1941105100CB58DF /* CoreGraphics.framework */; };
		815A31611941105100CB58DF /* UIKit.framework in Frameworks */ = {isa = PBXBuildFile; fileRef = 815A31601941105100CB58DF /* UIKit.framework */; };
		815A31671941105100CB58DF /* InfoPlist.strings in Resources */ = {isa = PBXBuildFile; fileRef = 815A31651941105100CB58DF /* InfoPlist.strings */; };
		815A31691941105100CB58DF /* main.m in Sources */ = {isa = PBXBuildFile; fileRef = 815A31681941105100CB58DF /* main.m */; };
		815A316D1941105100CB58DF /* PCSAppDelegate.m in Sources */ = {isa = PBXBuildFile; fileRef = 815A316C1941105100CB58DF /* PCSAppDelegate.m */; };
		815A316F1941105100CB58DF /* Images.xcassets in Resources */ = {isa = PBXBuildFile; fileRef = 815A316E1941105100CB58DF /* Images.xcassets */; };
		815A31761941105100CB58DF /* XCTest.framework in Frameworks */ = {isa = PBXBuildFile; fileRef = 815A31751941105100CB58DF /* XCTest.framework */; };
		815A31771941105100CB58DF /* Foundation.framework in Frameworks */ = {isa = PBXBuildFile; fileRef = 815A315C1941105100CB58DF /* Foundation.framework */; };
		815A31781941105100CB58DF /* UIKit.framework in Frameworks */ = {isa = PBXBuildFile; fileRef = 815A31601941105100CB58DF /* UIKit.framework */; };
		815A31801941105100CB58DF /* InfoPlist.strings in Resources */ = {isa = PBXBuildFile; fileRef = 815A317E1941105100CB58DF /* InfoPlist.strings */; };
		815A31821941105100CB58DF /* PCSHTMLFileControllerExampleTests.m in Sources */ = {isa = PBXBuildFile; fileRef = 815A31811941105100CB58DF /* PCSHTMLFileControllerExampleTests.m */; };
		815A318E1941108200CB58DF /* PCSHTMLFileController.m in Sources */ = {isa = PBXBuildFile; fileRef = 815A318D1941108200CB58DF /* PCSHTMLFileController.m */; };
		815A31911941108B00CB58DF /* MyController.m in Sources */ = {isa = PBXBuildFile; fileRef = 815A31901941108B00CB58DF /* MyController.m */; };
		815A3193194110D400CB58DF /* Test File.html in Resources */ = {isa = PBXBuildFile; fileRef = 815A3192194110D400CB58DF /* Test File.html */; };
/* End PBXBuildFile section */

/* Begin PBXContainerItemProxy section */
		815A31791941105100CB58DF /* PBXContainerItemProxy */ = {
			isa = PBXContainerItemProxy;
			containerPortal = 815A31511941105100CB58DF /* Project object */;
			proxyType = 1;
			remoteGlobalIDString = 815A31581941105100CB58DF;
			remoteInfo = PCSHTMLFileControllerExample;
		};
/* End PBXContainerItemProxy section */

/* Begin PBXFileReference section */
		815A31591941105100CB58DF /* PCSHTMLFileControllerExample.app */ = {isa = PBXFileReference; explicitFileType = wrapper.application; includeInIndex = 0; path = PCSHTMLFileControllerExample.app; sourceTree = BUILT_PRODUCTS_DIR; };
		815A315C1941105100CB58DF /* Foundation.framework */ = {isa = PBXFileReference; lastKnownFileType = wrapper.framework; name = Foundation.framework; path = System/Library/Frameworks/Foundation.framework; sourceTree = SDKROOT; };
		815A315E1941105100CB58DF /* CoreGraphics.framework */ = {isa = PBXFileReference; lastKnownFileType = wrapper.framework; name = CoreGraphics.framework; path = System/Library/Frameworks/CoreGraphics.framework; sourceTree = SDKROOT; };
		815A31601941105100CB58DF /* UIKit.framework */ = {isa = PBXFileReference; lastKnownFileType = wrapper.framework; name = UIKit.framework; path = System/Library/Frameworks/UIKit.framework; sourceTree = SDKROOT; };
		815A31641941105100CB58DF /* PCSHTMLFileControllerExample-Info.plist */ = {isa = PBXFileReference; lastKnownFileType = text.plist.xml; path = "PCSHTMLFileControllerExample-Info.plist"; sourceTree = "<group>"; };
		815A31661941105100CB58DF /* en */ = {isa = PBXFileReference; lastKnownFileType = text.plist.strings; name = en; path = en.lproj/InfoPlist.strings; sourceTree = "<group>"; };
		815A31681941105100CB58DF /* main.m */ = {isa = PBXFileReference; lastKnownFileType = sourcecode.c.objc; path = main.m; sourceTree = "<group>"; };
		815A316A1941105100CB58DF /* PCSHTMLFileControllerExample-Prefix.pch */ = {isa = PBXFileReference; lastKnownFileType = sourcecode.c.h; path = "PCSHTMLFileControllerExample-Prefix.pch"; sourceTree = "<group>"; };
		815A316B1941105100CB58DF /* PCSAppDelegate.h */ = {isa = PBXFileReference; lastKnownFileType = sourcecode.c.h; path = PCSAppDelegate.h; sourceTree = "<group>"; };
		815A316C1941105100CB58DF /* PCSAppDelegate.m */ = {isa = PBXFileReference; lastKnownFileType = sourcecode.c.objc; path = PCSAppDelegate.m; sourceTree = "<group>"; };
		815A316E1941105100CB58DF /* Images.xcassets */ = {isa = PBXFileReference; lastKnownFileType = folder.assetcatalog; path = Images.xcassets; sourceTree = "<group>"; };
		815A31741941105100CB58DF /* PCSHTMLFileControllerExampleTests.xctest */ = {isa = PBXFileReference; explicitFileType = wrapper.cfbundle; includeInIndex = 0; path = PCSHTMLFileControllerExampleTests.xctest; sourceTree = BUILT_PRODUCTS_DIR; };
		815A31751941105100CB58DF /* XCTest.framework */ = {isa = PBXFileReference; lastKnownFileType = wrapper.framework; name = XCTest.framework; path = Library/Frameworks/XCTest.framework; sourceTree = DEVELOPER_DIR; };
		815A317D1941105100CB58DF /* PCSHTMLFileControllerExampleTests-Info.plist */ = {isa = PBXFileReference; lastKnownFileType = text.plist.xml; path = "PCSHTMLFileControllerExampleTests-Info.plist"; sourceTree = "<group>"; };
		815A317F1941105100CB58DF /* en */ = {isa = PBXFileReference; lastKnownFileType = text.plist.strings; name = en; path = en.lproj/InfoPlist.strings; sourceTree = "<group>"; };
		815A31811941105100CB58DF /* PCSHTMLFileControllerExampleTests.m */ = {isa = PBXFileReference; lastKnownFileType = sourcecode.c.objc; path = PCSHTMLFileControllerExampleTests.m; sourceTree = "<group>"; };
		815A318C1941108200CB58DF /* PCSHTMLFileController.h */ = {isa = PBXFileReference; fileEncoding = 4; lastKnownFileType = sourcecode.c.h; path = PCSHTMLFileController.h; sourceTree = "<group>"; };
		815A318D1941108200CB58DF /* PCSHTMLFileController.m */ = {isa = PBXFileReference; fileEncoding = 4; lastKnownFileType = sourcecode.c.objc; path = PCSHTMLFileController.m; sourceTree = "<group>"; };
		815A318F1941108B00CB58DF /* MyController.h */ = {isa = PBXFileReference; fileEncoding = 4; lastKnownFileType = sourcecode.c.h; path = MyController.h; sourceTree = "<group>"; };
		815A31901941108B00CB58DF /* MyController.m */ = {isa = PBXFileReference; fileEncoding = 4; lastKnownFileType = sourcecode.c.objc; path = MyController.m; sourceTree = "<group>"; };
		815A3192194110D400CB58DF /* Test File.html */ = {isa = PBXFileReference; fileEncoding = 4; lastKnownFileType = text.html; path = "Test File.html"; sourceTree = "<group>"; };
/* End PBXFileReference section */

/* Begin PBXFrameworksBuildPhase section */
		815A31561941105100CB58DF /* Frameworks */ = {
			isa = PBXFrameworksBuildPhase;
			buildActionMask = 2147483647;
			files = (
				815A315F1941105100CB58DF /* CoreGraphics.framework in Frameworks */,
				815A31611941105100CB58DF /* UIKit.framework in Frameworks */,
				815A315D1941105100CB58DF /* Foundation.framework in Frameworks */,
			);
			runOnlyForDeploymentPostprocessing = 0;
		};
		815A31711941105100CB58DF /* Frameworks */ = {
			isa = PBXFrameworksBuildPhase;
			buildActionMask = 2147483647;
			files = (
				815A31761941105100CB58DF /* XCTest.framework in Frameworks */,
				815A31781941105100CB58DF /* UIKit.framework in Frameworks */,
				815A31771941105100CB58DF /* Foundation.framework in Frameworks */,
			);
			runOnlyForDeploymentPostprocessing = 0;
		};
/* End PBXFrameworksBuildPhase section */

/* Begin PBXGroup section */
		815A31501941105100CB58DF = {
			isa = PBXGroup;
			children = (
				815A318B1941107600CB58DF /* PCSHTMLFileController */,
				815A31621941105100CB58DF /* PCSHTMLFileControllerExample */,
				815A317B1941105100CB58DF /* PCSHTMLFileControllerExampleTests */,
				815A315B1941105100CB58DF /* Frameworks */,
				815A315A1941105100CB58DF /* Products */,
			);
			sourceTree = "<group>";
		};
		815A315A1941105100CB58DF /* Products */ = {
			isa = PBXGroup;
			children = (
				815A31591941105100CB58DF /* PCSHTMLFileControllerExample.app */,
				815A31741941105100CB58DF /* PCSHTMLFileControllerExampleTests.xctest */,
			);
			name = Products;
			sourceTree = "<group>";
		};
		815A315B1941105100CB58DF /* Frameworks */ = {
			isa = PBXGroup;
			children = (
				815A315C1941105100CB58DF /* Foundation.framework */,
				815A315E1941105100CB58DF /* CoreGraphics.framework */,
				815A31601941105100CB58DF /* UIKit.framework */,
				815A31751941105100CB58DF /* XCTest.framework */,
			);
			name = Frameworks;
			sourceTree = "<group>";
		};
		815A31621941105100CB58DF /* PCSHTMLFileControllerExample */ = {
			isa = PBXGroup;
			children = (
				815A318F1941108B00CB58DF /* MyController.h */,
				815A31901941108B00CB58DF /* MyController.m */,
				815A3192194110D400CB58DF /* Test File.html */,
				815A316B1941105100CB58DF /* PCSAppDelegate.h */,
				815A316C1941105100CB58DF /* PCSAppDelegate.m */,
				815A316E1941105100CB58DF /* Images.xcassets */,
				815A31631941105100CB58DF /* Supporting Files */,
			);
			path = PCSHTMLFileControllerExample;
			sourceTree = "<group>";
		};
		815A31631941105100CB58DF /* Supporting Files */ = {
			isa = PBXGroup;
			children = (
				815A31641941105100CB58DF /* PCSHTMLFileControllerExample-Info.plist */,
				815A31651941105100CB58DF /* InfoPlist.strings */,
				815A31681941105100CB58DF /* main.m */,
				815A316A1941105100CB58DF /* PCSHTMLFileControllerExample-Prefix.pch */,
			);
			name = "Supporting Files";
			sourceTree = "<group>";
		};
		815A317B1941105100CB58DF /* PCSHTMLFileControllerExampleTests */ = {
			isa = PBXGroup;
			children = (
				815A31811941105100CB58DF /* PCSHTMLFileControllerExampleTests.m */,
				815A317C1941105100CB58DF /* Supporting Files */,
			);
			path = PCSHTMLFileControllerExampleTests;
			sourceTree = "<group>";
		};
		815A317C1941105100CB58DF /* Supporting Files */ = {
			isa = PBXGroup;
			children = (
				815A317D1941105100CB58DF /* PCSHTMLFileControllerExampleTests-Info.plist */,
				815A317E1941105100CB58DF /* InfoPlist.strings */,
			);
			name = "Supporting Files";
			sourceTree = "<group>";
		};
		815A318B1941107600CB58DF /* PCSHTMLFileController */ = {
			isa = PBXGroup;
			children = (
				815A318C1941108200CB58DF /* PCSHTMLFileController.h */,
				815A318D1941108200CB58DF /* PCSHTMLFileController.m */,
			);
			name = PCSHTMLFileController;
			path = ../PCSHTMLFileController;
			sourceTree = "<group>";
		};
/* End PBXGroup section */

/* Begin PBXNativeTarget section */
		815A31581941105100CB58DF /* PCSHTMLFileControllerExample */ = {
			isa = PBXNativeTarget;
			buildConfigurationList = 815A31851941105100CB58DF /* Build configuration list for PBXNativeTarget "PCSHTMLFileControllerExample" */;
			buildPhases = (
				815A31551941105100CB58DF /* Sources */,
				815A31561941105100CB58DF /* Frameworks */,
				815A31571941105100CB58DF /* Resources */,
			);
			buildRules = (
			);
			dependencies = (
			);
			name = PCSHTMLFileControllerExample;
			productName = PCSHTMLFileControllerExample;
			productReference = 815A31591941105100CB58DF /* PCSHTMLFileControllerExample.app */;
			productType = "com.apple.product-type.application";
		};
		815A31731941105100CB58DF /* PCSHTMLFileControllerExampleTests */ = {
			isa = PBXNativeTarget;
			buildConfigurationList = 815A31881941105100CB58DF /* Build configuration list for PBXNativeTarget "PCSHTMLFileControllerExampleTests" */;
			buildPhases = (
				815A31701941105100CB58DF /* Sources */,
				815A31711941105100CB58DF /* Frameworks */,
				815A31721941105100CB58DF /* Resources */,
			);
			buildRules = (
			);
			dependencies = (
				815A317A1941105100CB58DF /* PBXTargetDependency */,
			);
			name = PCSHTMLFileControllerExampleTests;
			productName = PCSHTMLFileControllerExampleTests;
			productReference = 815A31741941105100CB58DF /* PCSHTMLFileControllerExampleTests.xctest */;
			productType = "com.apple.product-type.bundle.unit-test";
		};
/* End PBXNativeTarget section */

/* Begin PBXProject section */
		815A31511941105100CB58DF /* Project object */ = {
			isa = PBXProject;
			attributes = {
				CLASSPREFIX = PCS;
				LastUpgradeCheck = 0510;
				ORGANIZATIONNAME = "Peter Chen";
				TargetAttributes = {
					815A31731941105100CB58DF = {
						TestTargetID = 815A31581941105100CB58DF;
					};
				};
			};
			buildConfigurationList = 815A31541941105100CB58DF /* Build configuration list for PBXProject "PCSHTMLFileControllerExample" */;
			compatibilityVersion = "Xcode 3.2";
			developmentRegion = English;
			hasScannedForEncodings = 0;
			knownRegions = (
				en,
			);
			mainGroup = 815A31501941105100CB58DF;
			productRefGroup = 815A315A1941105100CB58DF /* Products */;
			projectDirPath = "";
			projectRoot = "";
			targets = (
				815A31581941105100CB58DF /* PCSHTMLFileControllerExample */,
				815A31731941105100CB58DF /* PCSHTMLFileControllerExampleTests */,
			);
		};
/* End PBXProject section */

/* Begin PBXResourcesBuildPhase section */
		815A31571941105100CB58DF /* Resources */ = {
			isa = PBXResourcesBuildPhase;
			buildActionMask = 2147483647;
			files = (
				815A3193194110D400CB58DF /* Test File.html in Resources */,
				815A31671941105100CB58DF /* InfoPlist.strings in Resources */,
				815A316F1941105100CB58DF /* Images.xcassets in Resources */,
			);
			runOnlyForDeploymentPostprocessing = 0;
		};
		815A31721941105100CB58DF /* Resources */ = {
			isa = PBXResourcesBuildPhase;
			buildActionMask = 2147483647;
			files = (
				815A31801941105100CB58DF /* InfoPlist.strings in Resources */,
			);
			runOnlyForDeploymentPostprocessing = 0;
		};
/* End PBXResourcesBuildPhase section */

/* Begin PBXSourcesBuildPhase section */
		815A31551941105100CB58DF /* Sources */ = {
			isa = PBXSourcesBuildPhase;
			buildActionMask = 2147483647;
			files = (
				815A318E1941108200CB58DF /* PCSHTMLFileController.m in Sources */,
				815A31691941105100CB58DF /* main.m in Sources */,
				815A316D1941105100CB58DF /* PCSAppDelegate.m in Sources */,
				815A31911941108B00CB58DF /* MyController.m in Sources */,
			);
			runOnlyForDeploymentPostprocessing = 0;
		};
		815A31701941105100CB58DF /* Sources */ = {
			isa = PBXSourcesBuildPhase;
			buildActionMask = 2147483647;
			files = (
				815A31821941105100CB58DF /* PCSHTMLFileControllerExampleTests.m in Sources */,
			);
			runOnlyForDeploymentPostprocessing = 0;
		};
/* End PBXSourcesBuildPhase section */

/* Begin PBXTargetDependency section */
		815A317A1941105100CB58DF /* PBXTargetDependency */ = {
			isa = PBXTargetDependency;
			target = 815A31581941105100CB58DF /* PCSHTMLFileControllerExample */;
			targetProxy = 815A31791941105100CB58DF /* PBXContainerItemProxy */;
		};
/* End PBXTargetDependency section */

/* Begin PBXVariantGroup section */
		815A31651941105100CB58DF /* InfoPlist.strings */ = {
			isa = PBXVariantGroup;
			children = (
				815A31661941105100CB58DF /* en */,
			);
			name = InfoPlist.strings;
			sourceTree = "<group>";
		};
		815A317E1941105100CB58DF /* InfoPlist.strings */ = {
			isa = PBXVariantGroup;
			children = (
				815A317F1941105100CB58DF /* en */,
			);
			name = InfoPlist.strings;
			sourceTree = "<group>";
		};
/* End PBXVariantGroup section */

/* Begin XCBuildConfiguration section */
		815A31831941105100CB58DF /* Debug */ = {
			isa = XCBuildConfiguration;
			buildSettings = {
				ALWAYS_SEARCH_USER_PATHS = NO;
				CLANG_CXX_LANGUAGE_STANDARD = "gnu++0x";
				CLANG_CXX_LIBRARY = "libc++";
				CLANG_ENABLE_MODULES = YES;
				CLANG_ENABLE_OBJC_ARC = YES;
				CLANG_WARN_BOOL_CONVERSION = YES;
				CLANG_WARN_CONSTANT_CONVERSION = YES;
				CLANG_WARN_DIRECT_OBJC_ISA_USAGE = YES_ERROR;
				CLANG_WARN_EMPTY_BODY = YES;
				CLANG_WARN_ENUM_CONVERSION = YES;
				CLANG_WARN_INT_CONVERSION = YES;
				CLANG_WARN_OBJC_ROOT_CLASS = YES_ERROR;
				CLANG_WARN__DUPLICATE_METHOD_MATCH = YES;
				"CODE_SIGN_IDENTITY[sdk=iphoneos*]" = "iPhone Developer";
				COPY_PHASE_STRIP = NO;
				GCC_C_LANGUAGE_STANDARD = gnu99;
				GCC_DYNAMIC_NO_PIC = NO;
				GCC_OPTIMIZATION_LEVEL = 0;
				GCC_PREPROCESSOR_DEFINITIONS = (
					"DEBUG=1",
					"$(inherited)",
				);
				GCC_SYMBOLS_PRIVATE_EXTERN = NO;
				GCC_WARN_64_TO_32_BIT_CONVERSION = YES;
				GCC_WARN_ABOUT_RETURN_TYPE = YES_ERROR;
				GCC_WARN_UNDECLARED_SELECTOR = YES;
				GCC_WARN_UNINITIALIZED_AUTOS = YES_AGGRESSIVE;
				GCC_WARN_UNUSED_FUNCTION = YES;
				GCC_WARN_UNUSED_VARIABLE = YES;
				IPHONEOS_DEPLOYMENT_TARGET = 7.1;
				ONLY_ACTIVE_ARCH = YES;
				SDKROOT = iphoneos;
			};
			name = Debug;
		};
		815A31841941105100CB58DF /* Release */ = {
			isa = XCBuildConfiguration;
			buildSettings = {
				ALWAYS_SEARCH_USER_PATHS = NO;
				CLANG_CXX_LANGUAGE_STANDARD = "gnu++0x";
				CLANG_CXX_LIBRARY = "libc++";
				CLANG_ENABLE_MODULES = YES;
				CLANG_ENABLE_OBJC_ARC = YES;
				CLANG_WARN_BOOL_CONVERSION = YES;
				CLANG_WARN_CONSTANT_CONVERSION = YES;
				CLANG_WARN_DIRECT_OBJC_ISA_USAGE = YES_ERROR;
				CLANG_WARN_EMPTY_BODY = YES;
				CLANG_WARN_ENUM_CONVERSION = YES;
				CLANG_WARN_INT_CONVERSION = YES;
				CLANG_WARN_OBJC_ROOT_CLASS = YES_ERROR;
				CLANG_WARN__DUPLICATE_METHOD_MATCH = YES;
				"CODE_SIGN_IDENTITY[sdk=iphoneos*]" = "iPhone Developer";
				COPY_PHASE_STRIP = YES;
				ENABLE_NS_ASSERTIONS = NO;
				GCC_C_LANGUAGE_STANDARD = gnu99;
				GCC_WARN_64_TO_32_BIT_CONVERSION = YES;
				GCC_WARN_ABOUT_RETURN_TYPE = YES_ERROR;
				GCC_WARN_UNDECLARED_SELECTOR = YES;
				GCC_WARN_UNINITIALIZED_AUTOS = YES_AGGRESSIVE;
				GCC_WARN_UNUSED_FUNCTION = YES;
				GCC_WARN_UNUSED_VARIABLE = YES;
				IPHONEOS_DEPLOYMENT_TARGET = 7.1;
				SDKROOT = iphoneos;
				VALIDATE_PRODUCT = YES;
			};
			name = Release;
		};
		815A31861941105100CB58DF /* Debug */ = {
			isa = XCBuildConfiguration;
			buildSettings = {
				ASSETCATALOG_COMPILER_APPICON_NAME = AppIcon;
				ASSETCATALOG_COMPILER_LAUNCHIMAGE_NAME = LaunchImage;
				GCC_PRECOMPILE_PREFIX_HEADER = YES;
				GCC_PREFIX_HEADER = "PCSHTMLFileControllerExample/PCSHTMLFileControllerExample-Prefix.pch";
				INFOPLIST_FILE = "PCSHTMLFileControllerExample/PCSHTMLFileControllerExample-Info.plist";
				PRODUCT_NAME = "$(TARGET_NAME)";
				WRAPPER_EXTENSION = app;
			};
			name = Debug;
		};
		815A31871941105100CB58DF /* Release */ = {
			isa = XCBuildConfiguration;
			buildSettings = {
				ASSETCATALOG_COMPILER_APPICON_NAME = AppIcon;
				ASSETCATALOG_COMPILER_LAUNCHIMAGE_NAME = LaunchImage;
				GCC_PRECOMPILE_PREFIX_HEADER = YES;
				GCC_PREFIX_HEADER = "PCSHTMLFileControllerExample/PCSHTMLFileControllerExample-Prefix.pch";
				INFOPLIST_FILE = "PCSHTMLFileControllerExample/PCSHTMLFileControllerExample-Info.plist";
				PRODUCT_NAME = "$(TARGET_NAME)";
				WRAPPER_EXTENSION = app;
			};
			name = Release;
		};
		815A31891941105100CB58DF /* Debug */ = {
			isa = XCBuildConfiguration;
			buildSettings = {
				BUNDLE_LOADER = "$(BUILT_PRODUCTS_DIR)/PCSHTMLFileControllerExample.app/PCSHTMLFileControllerExample";
				FRAMEWORK_SEARCH_PATHS = (
					"$(SDKROOT)/Developer/Library/Frameworks",
					"$(inherited)",
					"$(DEVELOPER_FRAMEWORKS_DIR)",
				);
				GCC_PRECOMPILE_PREFIX_HEADER = YES;
				GCC_PREFIX_HEADER = "PCSHTMLFileControllerExample/PCSHTMLFileControllerExample-Prefix.pch";
				GCC_PREPROCESSOR_DEFINITIONS = (
					"DEBUG=1",
					"$(inherited)",
				);
				INFOPLIST_FILE = "PCSHTMLFileControllerExampleTests/PCSHTMLFileControllerExampleTests-Info.plist";
				PRODUCT_NAME = "$(TARGET_NAME)";
				TEST_HOST = "$(BUNDLE_LOADER)";
				WRAPPER_EXTENSION = xctest;
			};
			name = Debug;
		};
		815A318A1941105100CB58DF /* Release */ = {
			isa = XCBuildConfiguration;
			buildSettings = {
				BUNDLE_LOADER = "$(BUILT_PRODUCTS_DIR)/PCSHTMLFileControllerExample.app/PCSHTMLFileControllerExample";
				FRAMEWORK_SEARCH_PATHS = (
					"$(SDKROOT)/Developer/Library/Frameworks",
					"$(inherited)",
					"$(DEVELOPER_FRAMEWORKS_DIR)",
				);
				GCC_PRECOMPILE_PREFIX_HEADER = YES;
				GCC_PREFIX_HEADER = "PCSHTMLFileControllerExample/PCSHTMLFileControllerExample-Prefix.pch";
				INFOPLIST_FILE = "PCSHTMLFileControllerExampleTests/PCSHTMLFileControllerExampleTests-Info.plist";
				PRODUCT_NAME = "$(TARGET_NAME)";
				TEST_HOST = "$(BUNDLE_LOADER)";
				WRAPPER_EXTENSION = xctest;
			};
			name = Release;
		};
/* End XCBuildConfiguration section */

/* Begin XCConfigurationList section */
		815A31541941105100CB58DF /* Build configuration list for PBXProject "PCSHTMLFileControllerExample" */ = {
			isa = XCConfigurationList;
			buildConfigurations = (
				815A31831941105100CB58DF /* Debug */,
				815A31841941105100CB58DF /* Release */,
			);
			defaultConfigurationIsVisible = 0;
			defaultConfigurationName = Release;
		};
		815A31851941105100CB58DF /* Build configuration list for PBXNativeTarget "PCSHTMLFileControllerExample" */ = {
			isa = XCConfigurationList;
			buildConfigurations = (
				815A31861941105100CB58DF /* Debug */,
				815A31871941105100CB58DF /* Release */,
			);
			defaultConfigurationIsVisible = 0;
			defaultConfigurationName = Release;
		};
		815A31881941105100CB58DF /* Build configuration list for PBXNativeTarget "PCSHTMLFileControllerExampleTests" */ = {
			isa = XCConfigurationList;
			buildConfigurations = (
				815A31891941105100CB58DF /* Debug */,
				815A318A1941105100CB58DF /* Release */,
			);
			defaultConfigurationIsVisible = 0;
			defaultConfigurationName = Release;
		};
/* End XCConfigurationList section */
	};
	rootObject = 815A31511941105100CB58DF /* Project object */;
}
